
Microsoft Visual Studio Solution File, Format Version 11.00
# Visual Studio 2010
Project("{FAE04EC0-301F-11D3-BF4B-00C04F79EFBC}") = "QuanLy_KhachSan", "QuanLy_KhachSan\QuanLy_KhachSan.csproj", "{3C3B4955-E863-4BB0-AC91-62B1ABFC2793}"
EndProject
Global
	GlobalSection(SolutionConfigurationPlatforms) = preSolution
		Debug|x86 = Debug|x86
		Release|x86 = Release|x86
	EndGlobalSection
	GlobalSection(ProjectConfigurationPlatforms) = postSolution
		{3C3B4955-E863-4BB0-AC91-62B1ABFC2793}.Debug|x86.ActiveCfg = Debug|x86
		{3C3B4955-E863-4BB0-AC91-62B1ABFC2793}.Debug|x86.Build.0 = Debug|x86
		{3C3B4955-E863-4BB0-AC91-62B1ABFC2793}.Release|x86.ActiveCfg = Release|x86
		{3C3B4955-E863-4BB0-AC91-62B1ABFC2793}.Release|x86.Build.0 = Release|x86
	EndGlobalSection
	GlobalSection(SolutionProperties) = preSolution
		HideSolutionNode = FALSE
	EndGlobalSection
EndGlobal
